<?xml version="1.0" encoding="utf-8"?>
<Project ToolsVersion="4.0" xmlns="http://schemas.microsoft.com/developer/msbuild/2003">
  <ItemGroup>
    <Filter Include="Source Files">
      <UniqueIdentifier>{4FC737F1-C7A5-4376-A066-2A32D752A2FF}</UniqueIdentifier>
      <Extensions>cpp;c;cc;cxx;def;odl;idl;hpj;bat;asm;asmx</Extensions>
    </Filter>
    <Filter Include="Header Files">
      <UniqueIdentifier>{93995380-89BD-4b04-88EB-625FBE52EBFB}</UniqueIdentifier>
      <Extensions>h;hh;hpp;hxx;hm;inl;inc;xsd</Extensions>
    </Filter>
    <Filter Include="Resource Files">
      <UniqueIdentifier>{67DA6AB6-F800-4c08-8B7A-83BB121AAD01}</UniqueIdentifier>
      <Extensions>rc;ico;cur;bmp;dlg;rc2;rct;bin;rgs;gif;jpg;jpeg;jpe;resx;tiff;tif;png;wav;mfcribbon-ms</Extensions>
    </Filter>
    <Filter Include="Source Files\8. Basic object-oriented programming">
      <UniqueIdentifier>{eb1513d8-1abe-4ec9-8ffa-38942ff7bf8a}</UniqueIdentifier>
    </Filter>
    <Filter Include="Source Files\8. Basic object-oriented programming\8.13 Friend functions and Member variables">
      <UniqueIdentifier>{6490318d-579a-4285-98a0-e0585ef9800a}</UniqueIdentifier>
    </Filter>
    <Filter Include="Source Files\9. Operator Overloading">
      <UniqueIdentifier>{eeb7a81a-5951-4d89-953f-d5c70983f33f}</UniqueIdentifier>
    </Filter>
    <Filter Include="Source Files\9. Operator Overloading\9.2 Arithematic Overload">
      <UniqueIdentifier>{912bad9f-c94c-45e3-b66c-650a0af31209}</UniqueIdentifier>
    </Filter>
    <Filter Include="Source Files\9. Operator Overloading\9.3. Input Output Overload">
      <UniqueIdentifier>{5769bb22-7b71-4f9f-a538-cd61dbfe2000}</UniqueIdentifier>
    </Filter>
    <Filter Include="Source Files\9. Operator Overloading\9.4. Using member function">
      <UniqueIdentifier>{af983f25-8481-4914-8a2e-1bb558e7ad6c}</UniqueIdentifier>
    </Filter>
    <Filter Include="Source Files\9. Operator Overloading\9.6. Comparison Overload">
      <UniqueIdentifier>{365d2803-c68e-4f2d-a3e7-ded2abb9173a}</UniqueIdentifier>
    </Filter>
    <Filter Include="Source Files\14. Template">
      <UniqueIdentifier>{abab3233-a377-49fe-9e5b-3e26909bddaf}</UniqueIdentifier>
    </Filter>
    <Filter Include="Source Files\14. Template\14.1 Function Template">
      <UniqueIdentifier>{fd81edc1-a2a3-48c8-b3d2-fade186f8e26}</UniqueIdentifier>
    </Filter>
    <Filter Include="Source Files\14. Template\14.3 Template Class">
      <UniqueIdentifier>{77087bdd-f1d0-4e2f-8e6d-9232fb1ae316}</UniqueIdentifier>
    </Filter>
    <Filter Include="Source Files\9. Operator Overloading\9.10. Typecast Overalod">
      <UniqueIdentifier>{5c614ca2-3551-4a85-9dcc-f21e6551f64c}</UniqueIdentifier>
    </Filter>
    <Filter Include="Source Files\17. String Class">
      <UniqueIdentifier>{d9f8f2cf-b2e1-4bb9-aa55-c4467838049c}</UniqueIdentifier>
    </Filter>
    <Filter Include="Source Files\17. String Class\17.2 String Construction">
      <UniqueIdentifier>{f72d9ffe-efbd-40cb-a5a7-a771974fc9aa}</UniqueIdentifier>
    </Filter>
    <Filter Include="Source Files\17. String Class\17.3. String length and capacity">
      <UniqueIdentifier>{6e9b5d2b-7335-43b1-a8e2-a7a2c98d4996}</UniqueIdentifier>
    </Filter>
    <Filter Include="Source Files\17. String Class\17.4 String character access and conversion C-style">
      <UniqueIdentifier>{bb6213e6-55dc-49b9-b203-bcdf14dd3203}</UniqueIdentifier>
    </Filter>
    <Filter Include="Source Files\17. String Class\17.5 string assignment and swap">
      <UniqueIdentifier>{046fe19a-478e-4f4c-bf25-b37eb49cfb1f}</UniqueIdentifier>
    </Filter>
    <Filter Include="Source Files\17. String Class\17.6 string appending">
      <UniqueIdentifier>{d31b58e1-a44a-4cfd-aa19-decf538a0b22}</UniqueIdentifier>
    </Filter>
    <Filter Include="Source Files\17. String Class\17.7 string inserting">
      <UniqueIdentifier>{cc226e3b-c76f-4ca0-bf39-8b724f07ef4b}</UniqueIdentifier>
    </Filter>
    <Filter Include="Source Files\6. Arrays, String, Pointer and References">
      <UniqueIdentifier>{096dcd20-61d3-4346-bc6b-62b05e8d35c8}</UniqueIdentifier>
    </Filter>
    <Filter Include="Source Files\6. Arrays, String, Pointer and References\6.11 Reference Variables">
      <UniqueIdentifier>{f40f8723-b259-4f59-a22a-a789a9eccbbf}</UniqueIdentifier>
    </Filter>
    <Filter Include="Source Files\11. Inheritance">
      <UniqueIdentifier>{34c9305e-3f1e-4f22-8c33-36776fcc3db7}</UniqueIdentifier>
    </Filter>
    <Filter Include="Source Files\11. Inheritance\11.3 Construction Order of Inheritance">
      <UniqueIdentifier>{d2662f79-9e76-463a-b6f1-f3fc920c87d2}</UniqueIdentifier>
    </Filter>
    <Filter Include="Source Files\11. Inheritance\11.4 Initialization of Derived Class">
      <UniqueIdentifier>{6df4928f-715c-48e0-8a6e-596b42814504}</UniqueIdentifier>
    </Filter>
    <Filter Include="Source Files\11. Inheritance\11.5 Access Specifier">
      <UniqueIdentifier>{fd758829-b6de-4a31-9e3c-5738dfa15ebb}</UniqueIdentifier>
    </Filter>
    <Filter Include="Source Files\11. Inheritance\11.6 Add Define Insert and Hide">
      <UniqueIdentifier>{3df20911-aaee-4c3f-a292-8456633d52ed}</UniqueIdentifier>
    </Filter>
  </ItemGroup>
  <ItemGroup>
    <ClCompile Include="9. Operator Overloading\9.2. Arithematic Operator Overloading\arithemetic_overload.cpp">
      <Filter>Source Files\9. Operator Overloading\9.2 Arithematic Overload</Filter>
    </ClCompile>
    <ClCompile Include="9. Operator Overloading\9.3. Intput &amp; Output Operator Overloading\io_overload.cpp">
      <Filter>Source Files\9. Operator Overloading\9.3. Input Output Overload</Filter>
    </ClCompile>
    <ClCompile Include="9. Operator Overloading\9.4. Overload Using Member Funcstions\member_func_overload.cpp">
      <Filter>Source Files\9. Operator Overloading\9.4. Using member function</Filter>
    </ClCompile>
    <ClCompile Include="9. Operator Overloading\9.6. Comparison Operator Overloading\comp_overload.cpp">
      <Filter>Source Files\9. Operator Overloading\9.6. Comparison Overload</Filter>
    </ClCompile>
    <ClCompile Include="14. Template\14.1 Function Template\function_template.cpp">
      <Filter>Source Files\14. Template\14.1 Function Template</Filter>
    </ClCompile>
    <ClCompile Include="14. Template\14.3 Template Class\class_template.cpp">
      <Filter>Source Files\14. Template\14.3 Template Class</Filter>
    </ClCompile>
    <ClCompile Include="8. Basic object-oriented programming\8.13. Friend functions and classes\friend_class.cpp">
      <Filter>Source Files\8. Basic object-oriented programming\8.13 Friend functions and Member variables</Filter>
    </ClCompile>
    <ClCompile Include="8. Basic object-oriented programming\8.13. Friend functions and classes\friend_function.cpp">
      <Filter>Source Files\8. Basic object-oriented programming\8.13 Friend functions and Member variables</Filter>
    </ClCompile>
    <ClCompile Include="9. Operator Overloading\9.10. Overloading Typecasts\typecast_overload.cpp">
      <Filter>Source Files\9. Operator Overloading\9.10. Typecast Overalod</Filter>
    </ClCompile>
    <ClCompile Include="17. String Class\17.2 String Construction\string_constructor.cpp">
      <Filter>Source Files\17. String Class\17.2 String Construction</Filter>
    </ClCompile>
    <ClCompile Include="17. String Class\17.4 String character access and conversion C-style\stinrg_character_access_ctyle_conversion.cpp">
      <Filter>Source Files\17. String Class\17.4 String character access and conversion C-style</Filter>
    </ClCompile>
    <ClCompile Include="17. String Class\17.5 string assignment and swap\string_assignment_swap.cpp">
      <Filter>Source Files\17. String Class\17.5 string assignment and swap</Filter>
    </ClCompile>
    <ClCompile Include="17. String Class\17.6 string appending\string_append.cpp">
      <Filter>Source Files\17. String Class\17.6 string appending</Filter>
    </ClCompile>
    <ClCompile Include="17. String Class\17.3 string length and capacity\string_length_capacity.cpp">
      <Filter>Source Files\17. String Class\17.3. String length and capacity</Filter>
    </ClCompile>
    <ClCompile Include="17. String Class\17.7 string inserting\string_insert.cpp">
      <Filter>Source Files\17. String Class\17.7 string inserting</Filter>
    </ClCompile>
    <ClCompile Include="6. Arrays, String, Pointer and References\6.11 Reference Variables\reference_variable.cpp">
      <Filter>Source Files\6. Arrays, String, Pointer and References\6.11 Reference Variables</Filter>
    </ClCompile>
    <ClCompile Include="main.cpp">
      <Filter>Source Files</Filter>
    </ClCompile>
    <ClCompile Include="11. Inheritance\11.2 Construction Order of Inheritance\consturction_order.cpp">
      <Filter>Source Files\11. Inheritance\11.3 Construction Order of Inheritance</Filter>
    </ClCompile>
    <ClCompile Include="11. Inheritance\11.4 Initialization of Derived Class\initialization_derived.cpp">
      <Filter>Source Files\11. Inheritance\11.4 Initialization of Derived Class</Filter>
    </ClCompile>
    <ClCompile Include="11. Inheritance\11.5 Access Specifier\member_specifier.cpp">
      <Filter>Source Files\11. Inheritance\11.5 Access Specifier</Filter>
    </ClCompile>
    <ClCompile Include="11. Inheritance\11.5 Access Specifier\inheritance_specifier.cpp">
      <Filter>Source Files\11. Inheritance\11.5 Access Specifier</Filter>
    </ClCompile>
    <ClCompile Include="11. Inheritance\11.6 Add Define Insert and Hide\add.cpp">
      <Filter>Source Files\11. Inheritance\11.6 Add Define Insert and Hide</Filter>
    </ClCompile>
    <ClCompile Include="11. Inheritance\11.6 Add Define Insert and Hide\hide.cpp">
      <Filter>Source Files\11. Inheritance\11.6 Add Define Insert and Hide</Filter>
    </ClCompile>
    <ClCompile Include="11. Inheritance\11.6 Add Define Insert and Hide\insert.cpp">
      <Filter>Source Files\11. Inheritance\11.6 Add Define Insert and Hide</Filter>
    </ClCompile>
    <ClCompile Include="11. Inheritance\11.6 Add Define Insert and Hide\redefine.cpp">
      <Filter>Source Files\11. Inheritance\11.6 Add Define Insert and Hide</Filter>
    </ClCompile>
  </ItemGroup>
</Project>