<?xml version="1.0" encoding="utf-8"?>
<Project ToolsVersion="4.0" xmlns="http://schemas.microsoft.com/developer/msbuild/2003">
  <ItemGroup>
    <Filter Include="Source Files">
      <UniqueIdentifier>{4FC737F1-C7A5-4376-A066-2A32D752A2FF}</UniqueIdentifier>
      <Extensions>cpp;c;cc;cxx;def;odl;idl;hpj;bat;asm;asmx</Extensions>
    </Filter>
    <Filter Include="Header Files">
      <UniqueIdentifier>{93995380-89BD-4b04-88EB-625FBE52EBFB}</UniqueIdentifier>
      <Extensions>h;hh;hpp;hxx;hm;inl;inc;xsd</Extensions>
    </Filter>
    <Filter Include="Resource Files">
      <UniqueIdentifier>{67DA6AB6-F800-4c08-8B7A-83BB121AAD01}</UniqueIdentifier>
      <Extensions>rc;ico;cur;bmp;dlg;rc2;rct;bin;rgs;gif;jpg;jpeg;jpe;resx;tiff;tif;png;wav;mfcribbon-ms</Extensions>
    </Filter>
    <Filter Include="Source Files\Destructor">
      <UniqueIdentifier>{c411d628-93d3-4cd5-b288-81e9c2e5c9cd}</UniqueIdentifier>
    </Filter>
    <Filter Include="Source Files\Array">
      <UniqueIdentifier>{52c54769-d3ee-4f78-b558-8d3a911a5335}</UniqueIdentifier>
    </Filter>
    <Filter Include="Source Files\Vector">
      <UniqueIdentifier>{73aeb9a8-14d8-469c-a4bd-2ea378c12aca}</UniqueIdentifier>
    </Filter>
    <Filter Include="Source Files\Set">
      <UniqueIdentifier>{7fc8f080-fd15-463a-8f68-d4cf7ed12f35}</UniqueIdentifier>
    </Filter>
    <Filter Include="Source Files\8. Basic object-oriented programming">
      <UniqueIdentifier>{eb1513d8-1abe-4ec9-8ffa-38942ff7bf8a}</UniqueIdentifier>
    </Filter>
    <Filter Include="Source Files\8. Basic object-oriented programming\8.13 Friend functions and Member variables">
      <UniqueIdentifier>{6490318d-579a-4285-98a0-e0585ef9800a}</UniqueIdentifier>
    </Filter>
    <Filter Include="Source Files\9. Operator Overloading">
      <UniqueIdentifier>{eeb7a81a-5951-4d89-953f-d5c70983f33f}</UniqueIdentifier>
    </Filter>
    <Filter Include="Source Files\9. Operator Overloading\9.2 Arithematic Overload">
      <UniqueIdentifier>{912bad9f-c94c-45e3-b66c-650a0af31209}</UniqueIdentifier>
    </Filter>
    <Filter Include="Source Files\9. Operator Overloading\9.3. Input Output Overload">
      <UniqueIdentifier>{5769bb22-7b71-4f9f-a538-cd61dbfe2000}</UniqueIdentifier>
    </Filter>
  </ItemGroup>
  <ItemGroup>
    <ClCompile Include="array.cpp">
      <Filter>Source Files\Array</Filter>
    </ClCompile>
    <ClCompile Include="destructor.cpp">
      <Filter>Source Files\Destructor</Filter>
    </ClCompile>
    <ClCompile Include="vector.cpp">
      <Filter>Source Files\Vector</Filter>
    </ClCompile>
    <ClCompile Include="set.cpp">
      <Filter>Source Files\Set</Filter>
    </ClCompile>
    <ClCompile Include="friend_function.cpp">
      <Filter>Source Files\8. Basic object-oriented programming\8.13 Friend functions and Member variables</Filter>
    </ClCompile>
    <ClCompile Include="friend_class.cpp">
      <Filter>Source Files\8. Basic object-oriented programming\8.13 Friend functions and Member variables</Filter>
    </ClCompile>
    <ClCompile Include="9. Operator Overloading\9.2. Arithematic Operator Overloading\arithemetic_overload.cpp">
      <Filter>Source Files\9. Operator Overloading\9.2 Arithematic Overload</Filter>
    </ClCompile>
    <ClCompile Include="9. Operator Overloading\9.3. Intput &amp; Output Operator Overloading\io_overload.cpp">
      <Filter>Source Files\9. Operator Overloading\9.3. Input Output Overload</Filter>
    </ClCompile>
  </ItemGroup>
</Project>